
Microsoft Visual Studio Solution File, Format Version 12.00
# Visual Studio Version 16
VisualStudioVersion = 16.0.31205.134
MinimumVisualStudioVersion = 10.0.40219.1
Project("{FAE04EC0-301F-11D3-BF4B-00C04F79EFBC}") = "Version4", "Version4\Version4.csproj", "{53974012-F052-45A4-8636-F0270A3F00C3}"
EndProject
Global
	GlobalSection(SolutionConfigurationPlatforms) = preSolution
		Debug|Any CPU = Debug|Any CPU
		Release|Any CPU = Release|Any CPU
	EndGlobalSection
	GlobalSection(ProjectConfigurationPlatforms) = postSolution
		{53974012-F052-45A4-8636-F0270A3F00C3}.Debug|Any CPU.ActiveCfg = Debug|Any CPU
		{53974012-F052-45A4-8636-F0270A3F00C3}.Debug|Any CPU.Build.0 = Debug|Any CPU
		{53974012-F052-45A4-8636-F0270A3F00C3}.Release|Any CPU.ActiveCfg = Release|Any CPU
		{53974012-F052-45A4-8636-F0270A3F00C3}.Release|Any CPU.Build.0 = Release|Any CPU
	EndGlobalSection
	GlobalSection(SolutionProperties) = preSolution
		HideSolutionNode = FALSE
	EndGlobalSection
	GlobalSection(ExtensibilityGlobals) = postSolution
		SolutionGuid = {BD016CA6-BC61-4B7C-8F24-0D9A15F9AEAD}
	EndGlobalSection
EndGlobal
